
Microsoft Visual Studio Solution File, Format Version 12.00
# Visual Studio Version 17
VisualStudioVersion = 17.2.32616.157
MinimumVisualStudioVersion = 10.0.40219.1
Project("{FAE04EC0-301F-11D3-BF4B-00C04F79EFBC}") = "NETSDK1005SampleApp.UWP", "NETSDK1005SampleApp.UWP\NETSDK1005SampleApp.UWP.csproj", "{C0687888-CA04-4E54-80A9-3D4311A5B08F}"
EndProject
Project("{FAE04EC0-301F-11D3-BF4B-00C04F79EFBC}") = "NETSDK1005SampleApp.Android", "NETSDK1005SampleApp.Android\NETSDK1005SampleApp.Android.csproj", "{27C879D8-2850-4836-A5C8-31CB3914DB54}"
EndProject
Project("{9A19103F-16F7-4668-BE54-9A1E7A4F7556}") = "NETSDK1005SampleApp", "NETSDK1005SampleApp\NETSDK1005SampleApp.csproj", "{95A764E4-7019-4E97-8404-9546A7887A6D}"
EndProject
Project("{C7167F0D-BC9F-4E6E-AFE1-012C56B48DB5}") = "NETSDK1005SampleApp.UWP.Package", "NETSDK1005SampleApp.UWP.Package\NETSDK1005SampleApp.UWP.Package.wapproj", "{D863DFC7-CA29-4E28-AB83-3E302E461EEF}"
EndProject
Project("{9A19103F-16F7-4668-BE54-9A1E7A4F7556}") = "NETSDK1005SampleApp.Interop.UWP", "NETSDK1005SampleApp.Interop.UWP\NETSDK1005SampleApp.Interop.UWP.csproj", "{8985C14A-3913-4B31-B1F2-35C548C22E16}"
EndProject
Project("{FAE04EC0-301F-11D3-BF4B-00C04F79EFBC}") = "NETSDK1005SampleApp.Interop", "NETSDK1005SampleApp.Interop\NETSDK1005SampleApp.Interop.csproj", "{B86367CC-8A6E-4B4D-AAF9-C8DA734E2941}"
EndProject
Global
	GlobalSection(SolutionConfigurationPlatforms) = preSolution
		Android Release|Any CPU = Android Release|Any CPU
		Android Release|ARM = Android Release|ARM
		Android Release|ARM64 = Android Release|ARM64
		Android Release|x64 = Android Release|x64
		Android Release|x86 = Android Release|x86
		Debug|Any CPU = Debug|Any CPU
		Debug|ARM = Debug|ARM
		Debug|ARM64 = Debug|ARM64
		Debug|x64 = Debug|x64
		Debug|x86 = Debug|x86
		Release|Any CPU = Release|Any CPU
		Release|ARM = Release|ARM
		Release|ARM64 = Release|ARM64
		Release|x64 = Release|x64
		Release|x86 = Release|x86
		UWP Release|Any CPU = UWP Release|Any CPU
		UWP Release|ARM = UWP Release|ARM
		UWP Release|ARM64 = UWP Release|ARM64
		UWP Release|x64 = UWP Release|x64
		UWP Release|x86 = UWP Release|x86
	EndGlobalSection
	GlobalSection(ProjectConfigurationPlatforms) = postSolution
		{C0687888-CA04-4E54-80A9-3D4311A5B08F}.Android Release|Any CPU.ActiveCfg = Android Release|x64
		{C0687888-CA04-4E54-80A9-3D4311A5B08F}.Android Release|Any CPU.Build.0 = Android Release|x64
		{C0687888-CA04-4E54-80A9-3D4311A5B08F}.Android Release|Any CPU.Deploy.0 = Android Release|x64
		{C0687888-CA04-4E54-80A9-3D4311A5B08F}.Android Release|ARM.ActiveCfg = Android Release|ARM
		{C0687888-CA04-4E54-80A9-3D4311A5B08F}.Android Release|ARM.Build.0 = Android Release|ARM
		{C0687888-CA04-4E54-80A9-3D4311A5B08F}.Android Release|ARM.Deploy.0 = Android Release|ARM
		{C0687888-CA04-4E54-80A9-3D4311A5B08F}.Android Release|ARM64.ActiveCfg = Android Release|x64
		{C0687888-CA04-4E54-80A9-3D4311A5B08F}.Android Release|ARM64.Build.0 = Android Release|x64
		{C0687888-CA04-4E54-80A9-3D4311A5B08F}.Android Release|ARM64.Deploy.0 = Android Release|x64
		{C0687888-CA04-4E54-80A9-3D4311A5B08F}.Android Release|x64.ActiveCfg = Release|x64
		{C0687888-CA04-4E54-80A9-3D4311A5B08F}.Android Release|x86.ActiveCfg = Android Release|x86
		{C0687888-CA04-4E54-80A9-3D4311A5B08F}.Android Release|x86.Build.0 = Android Release|x86
		{C0687888-CA04-4E54-80A9-3D4311A5B08F}.Android Release|x86.Deploy.0 = Android Release|x86
		{C0687888-CA04-4E54-80A9-3D4311A5B08F}.Debug|Any CPU.ActiveCfg = Debug|x64
		{C0687888-CA04-4E54-80A9-3D4311A5B08F}.Debug|Any CPU.Build.0 = Debug|x64
		{C0687888-CA04-4E54-80A9-3D4311A5B08F}.Debug|Any CPU.Deploy.0 = Debug|x64
		{C0687888-CA04-4E54-80A9-3D4311A5B08F}.Debug|ARM.ActiveCfg = Debug|ARM
		{C0687888-CA04-4E54-80A9-3D4311A5B08F}.Debug|ARM.Build.0 = Debug|ARM
		{C0687888-CA04-4E54-80A9-3D4311A5B08F}.Debug|ARM.Deploy.0 = Debug|ARM
		{C0687888-CA04-4E54-80A9-3D4311A5B08F}.Debug|ARM64.ActiveCfg = Debug|x64
		{C0687888-CA04-4E54-80A9-3D4311A5B08F}.Debug|ARM64.Build.0 = Debug|x64
		{C0687888-CA04-4E54-80A9-3D4311A5B08F}.Debug|ARM64.Deploy.0 = Debug|x64
		{C0687888-CA04-4E54-80A9-3D4311A5B08F}.Debug|x64.ActiveCfg = Debug|x64
		{C0687888-CA04-4E54-80A9-3D4311A5B08F}.Debug|x64.Build.0 = Debug|x64
		{C0687888-CA04-4E54-80A9-3D4311A5B08F}.Debug|x64.Deploy.0 = Debug|x64
		{C0687888-CA04-4E54-80A9-3D4311A5B08F}.Debug|x86.ActiveCfg = Debug|x86
		{C0687888-CA04-4E54-80A9-3D4311A5B08F}.Debug|x86.Build.0 = Debug|x86
		{C0687888-CA04-4E54-80A9-3D4311A5B08F}.Debug|x86.Deploy.0 = Debug|x86
		{C0687888-CA04-4E54-80A9-3D4311A5B08F}.Release|Any CPU.ActiveCfg = Release|x64
		{C0687888-CA04-4E54-80A9-3D4311A5B08F}.Release|Any CPU.Build.0 = Release|x64
		{C0687888-CA04-4E54-80A9-3D4311A5B08F}.Release|Any CPU.Deploy.0 = Release|x64
		{C0687888-CA04-4E54-80A9-3D4311A5B08F}.Release|ARM.ActiveCfg = Release|ARM
		{C0687888-CA04-4E54-80A9-3D4311A5B08F}.Release|ARM.Build.0 = Release|ARM
		{C0687888-CA04-4E54-80A9-3D4311A5B08F}.Release|ARM.Deploy.0 = Release|ARM
		{C0687888-CA04-4E54-80A9-3D4311A5B08F}.Release|ARM64.ActiveCfg = Release|x64
		{C0687888-CA04-4E54-80A9-3D4311A5B08F}.Release|ARM64.Build.0 = Release|x64
		{C0687888-CA04-4E54-80A9-3D4311A5B08F}.Release|ARM64.Deploy.0 = Release|x64
		{C0687888-CA04-4E54-80A9-3D4311A5B08F}.Release|x64.ActiveCfg = Release|x64
		{C0687888-CA04-4E54-80A9-3D4311A5B08F}.Release|x64.Build.0 = Release|x64
		{C0687888-CA04-4E54-80A9-3D4311A5B08F}.Release|x64.Deploy.0 = Release|x64
		{C0687888-CA04-4E54-80A9-3D4311A5B08F}.Release|x86.ActiveCfg = Release|x86
		{C0687888-CA04-4E54-80A9-3D4311A5B08F}.Release|x86.Build.0 = Release|x86
		{C0687888-CA04-4E54-80A9-3D4311A5B08F}.Release|x86.Deploy.0 = Release|x86
		{C0687888-CA04-4E54-80A9-3D4311A5B08F}.UWP Release|Any CPU.ActiveCfg = UWP Release|x64
		{C0687888-CA04-4E54-80A9-3D4311A5B08F}.UWP Release|Any CPU.Build.0 = UWP Release|x64
		{C0687888-CA04-4E54-80A9-3D4311A5B08F}.UWP Release|Any CPU.Deploy.0 = UWP Release|x64
		{C0687888-CA04-4E54-80A9-3D4311A5B08F}.UWP Release|ARM.ActiveCfg = UWP Release|ARM
		{C0687888-CA04-4E54-80A9-3D4311A5B08F}.UWP Release|ARM.Build.0 = UWP Release|ARM
		{C0687888-CA04-4E54-80A9-3D4311A5B08F}.UWP Release|ARM.Deploy.0 = UWP Release|ARM
		{C0687888-CA04-4E54-80A9-3D4311A5B08F}.UWP Release|ARM64.ActiveCfg = UWP Release|x64
		{C0687888-CA04-4E54-80A9-3D4311A5B08F}.UWP Release|ARM64.Build.0 = UWP Release|x64
		{C0687888-CA04-4E54-80A9-3D4311A5B08F}.UWP Release|ARM64.Deploy.0 = UWP Release|x64
		{C0687888-CA04-4E54-80A9-3D4311A5B08F}.UWP Release|x64.ActiveCfg = Release|x64
		{C0687888-CA04-4E54-80A9-3D4311A5B08F}.UWP Release|x64.Build.0 = Release|x64
		{C0687888-CA04-4E54-80A9-3D4311A5B08F}.UWP Release|x64.Deploy.0 = Release|x64
		{C0687888-CA04-4E54-80A9-3D4311A5B08F}.UWP Release|x86.ActiveCfg = UWP Release|x86
		{C0687888-CA04-4E54-80A9-3D4311A5B08F}.UWP Release|x86.Build.0 = UWP Release|x86
		{C0687888-CA04-4E54-80A9-3D4311A5B08F}.UWP Release|x86.Deploy.0 = UWP Release|x86
		{27C879D8-2850-4836-A5C8-31CB3914DB54}.Android Release|Any CPU.ActiveCfg = Android Release|Any CPU
		{27C879D8-2850-4836-A5C8-31CB3914DB54}.Android Release|Any CPU.Build.0 = Android Release|Any CPU
		{27C879D8-2850-4836-A5C8-31CB3914DB54}.Android Release|Any CPU.Deploy.0 = Android Release|Any CPU
		{27C879D8-2850-4836-A5C8-31CB3914DB54}.Android Release|ARM.ActiveCfg = Android Release|Any CPU
		{27C879D8-2850-4836-A5C8-31CB3914DB54}.Android Release|ARM.Build.0 = Android Release|Any CPU
		{27C879D8-2850-4836-A5C8-31CB3914DB54}.Android Release|ARM.Deploy.0 = Android Release|Any CPU
		{27C879D8-2850-4836-A5C8-31CB3914DB54}.Android Release|ARM64.ActiveCfg = Android Release|Any CPU
		{27C879D8-2850-4836-A5C8-31CB3914DB54}.Android Release|ARM64.Build.0 = Android Release|Any CPU
		{27C879D8-2850-4836-A5C8-31CB3914DB54}.Android Release|ARM64.Deploy.0 = Android Release|Any CPU
		{27C879D8-2850-4836-A5C8-31CB3914DB54}.Android Release|x64.ActiveCfg = Release|Any CPU
		{27C879D8-2850-4836-A5C8-31CB3914DB54}.Android Release|x64.Build.0 = Release|Any CPU
		{27C879D8-2850-4836-A5C8-31CB3914DB54}.Android Release|x64.Deploy.0 = Release|Any CPU
		{27C879D8-2850-4836-A5C8-31CB3914DB54}.Android Release|x86.ActiveCfg = Android Release|Any CPU
		{27C879D8-2850-4836-A5C8-31CB3914DB54}.Android Release|x86.Build.0 = Android Release|Any CPU
		{27C879D8-2850-4836-A5C8-31CB3914DB54}.Android Release|x86.Deploy.0 = Android Release|Any CPU
		{27C879D8-2850-4836-A5C8-31CB3914DB54}.Debug|Any CPU.ActiveCfg = Debug|Any CPU
		{27C879D8-2850-4836-A5C8-31CB3914DB54}.Debug|Any CPU.Build.0 = Debug|Any CPU
		{27C879D8-2850-4836-A5C8-31CB3914DB54}.Debug|Any CPU.Deploy.0 = Debug|Any CPU
		{27C879D8-2850-4836-A5C8-31CB3914DB54}.Debug|ARM.ActiveCfg = Debug|Any CPU
		{27C879D8-2850-4836-A5C8-31CB3914DB54}.Debug|ARM.Build.0 = Debug|Any CPU
		{27C879D8-2850-4836-A5C8-31CB3914DB54}.Debug|ARM.Deploy.0 = Debug|Any CPU
		{27C879D8-2850-4836-A5C8-31CB3914DB54}.Debug|ARM64.ActiveCfg = Debug|Any CPU
		{27C879D8-2850-4836-A5C8-31CB3914DB54}.Debug|ARM64.Build.0 = Debug|Any CPU
		{27C879D8-2850-4836-A5C8-31CB3914DB54}.Debug|ARM64.Deploy.0 = Debug|Any CPU
		{27C879D8-2850-4836-A5C8-31CB3914DB54}.Debug|x64.ActiveCfg = Debug|Any CPU
		{27C879D8-2850-4836-A5C8-31CB3914DB54}.Debug|x64.Build.0 = Debug|Any CPU
		{27C879D8-2850-4836-A5C8-31CB3914DB54}.Debug|x64.Deploy.0 = Debug|Any CPU
		{27C879D8-2850-4836-A5C8-31CB3914DB54}.Debug|x86.ActiveCfg = Debug|Any CPU
		{27C879D8-2850-4836-A5C8-31CB3914DB54}.Debug|x86.Build.0 = Debug|Any CPU
		{27C879D8-2850-4836-A5C8-31CB3914DB54}.Debug|x86.Deploy.0 = Debug|Any CPU
		{27C879D8-2850-4836-A5C8-31CB3914DB54}.Release|Any CPU.ActiveCfg = Release|Any CPU
		{27C879D8-2850-4836-A5C8-31CB3914DB54}.Release|Any CPU.Build.0 = Release|Any CPU
		{27C879D8-2850-4836-A5C8-31CB3914DB54}.Release|Any CPU.Deploy.0 = Release|Any CPU
		{27C879D8-2850-4836-A5C8-31CB3914DB54}.Release|ARM.ActiveCfg = Release|Any CPU
		{27C879D8-2850-4836-A5C8-31CB3914DB54}.Release|ARM.Build.0 = Release|Any CPU
		{27C879D8-2850-4836-A5C8-31CB3914DB54}.Release|ARM.Deploy.0 = Release|Any CPU
		{27C879D8-2850-4836-A5C8-31CB3914DB54}.Release|ARM64.ActiveCfg = Release|Any CPU
		{27C879D8-2850-4836-A5C8-31CB3914DB54}.Release|ARM64.Build.0 = Release|Any CPU
		{27C879D8-2850-4836-A5C8-31CB3914DB54}.Release|ARM64.Deploy.0 = Release|Any CPU
		{27C879D8-2850-4836-A5C8-31CB3914DB54}.Release|x64.ActiveCfg = Release|Any CPU
		{27C879D8-2850-4836-A5C8-31CB3914DB54}.Release|x64.Build.0 = Release|Any CPU
		{27C879D8-2850-4836-A5C8-31CB3914DB54}.Release|x64.Deploy.0 = Release|Any CPU
		{27C879D8-2850-4836-A5C8-31CB3914DB54}.Release|x86.ActiveCfg = Release|Any CPU
		{27C879D8-2850-4836-A5C8-31CB3914DB54}.Release|x86.Build.0 = Release|Any CPU
		{27C879D8-2850-4836-A5C8-31CB3914DB54}.Release|x86.Deploy.0 = Release|Any CPU
		{27C879D8-2850-4836-A5C8-31CB3914DB54}.UWP Release|Any CPU.ActiveCfg = UWP Release|Any CPU
		{27C879D8-2850-4836-A5C8-31CB3914DB54}.UWP Release|Any CPU.Build.0 = UWP Release|Any CPU
		{27C879D8-2850-4836-A5C8-31CB3914DB54}.UWP Release|Any CPU.Deploy.0 = UWP Release|Any CPU
		{27C879D8-2850-4836-A5C8-31CB3914DB54}.UWP Release|ARM.ActiveCfg = UWP Release|Any CPU
		{27C879D8-2850-4836-A5C8-31CB3914DB54}.UWP Release|ARM.Build.0 = UWP Release|Any CPU
		{27C879D8-2850-4836-A5C8-31CB3914DB54}.UWP Release|ARM.Deploy.0 = UWP Release|Any CPU
		{27C879D8-2850-4836-A5C8-31CB3914DB54}.UWP Release|ARM64.ActiveCfg = UWP Release|Any CPU
		{27C879D8-2850-4836-A5C8-31CB3914DB54}.UWP Release|ARM64.Build.0 = UWP Release|Any CPU
		{27C879D8-2850-4836-A5C8-31CB3914DB54}.UWP Release|ARM64.Deploy.0 = UWP Release|Any CPU
		{27C879D8-2850-4836-A5C8-31CB3914DB54}.UWP Release|x64.ActiveCfg = Release|Any CPU
		{27C879D8-2850-4836-A5C8-31CB3914DB54}.UWP Release|x86.ActiveCfg = UWP Release|Any CPU
		{27C879D8-2850-4836-A5C8-31CB3914DB54}.UWP Release|x86.Build.0 = UWP Release|Any CPU
		{27C879D8-2850-4836-A5C8-31CB3914DB54}.UWP Release|x86.Deploy.0 = UWP Release|Any CPU
		{95A764E4-7019-4E97-8404-9546A7887A6D}.Android Release|Any CPU.ActiveCfg = Android Release|Any CPU
		{95A764E4-7019-4E97-8404-9546A7887A6D}.Android Release|Any CPU.Build.0 = Android Release|Any CPU
		{95A764E4-7019-4E97-8404-9546A7887A6D}.Android Release|ARM.ActiveCfg = Android Release|Any CPU
		{95A764E4-7019-4E97-8404-9546A7887A6D}.Android Release|ARM.Build.0 = Android Release|Any CPU
		{95A764E4-7019-4E97-8404-9546A7887A6D}.Android Release|ARM64.ActiveCfg = Android Release|Any CPU
		{95A764E4-7019-4E97-8404-9546A7887A6D}.Android Release|ARM64.Build.0 = Android Release|Any CPU
		{95A764E4-7019-4E97-8404-9546A7887A6D}.Android Release|x64.ActiveCfg = Release|Any CPU
		{95A764E4-7019-4E97-8404-9546A7887A6D}.Android Release|x64.Build.0 = Release|Any CPU
		{95A764E4-7019-4E97-8404-9546A7887A6D}.Android Release|x86.ActiveCfg = Android Release|Any CPU
		{95A764E4-7019-4E97-8404-9546A7887A6D}.Android Release|x86.Build.0 = Android Release|Any CPU
		{95A764E4-7019-4E97-8404-9546A7887A6D}.Debug|Any CPU.ActiveCfg = Debug|Any CPU
		{95A764E4-7019-4E97-8404-9546A7887A6D}.Debug|Any CPU.Build.0 = Debug|Any CPU
		{95A764E4-7019-4E97-8404-9546A7887A6D}.Debug|Any CPU.Deploy.0 = Debug|Any CPU
		{95A764E4-7019-4E97-8404-9546A7887A6D}.Debug|ARM.ActiveCfg = Debug|Any CPU
		{95A764E4-7019-4E97-8404-9546A7887A6D}.Debug|ARM.Build.0 = Debug|Any CPU
		{95A764E4-7019-4E97-8404-9546A7887A6D}.Debug|ARM.Deploy.0 = Debug|Any CPU
		{95A764E4-7019-4E97-8404-9546A7887A6D}.Debug|ARM64.ActiveCfg = Debug|Any CPU
		{95A764E4-7019-4E97-8404-9546A7887A6D}.Debug|ARM64.Build.0 = Debug|Any CPU
		{95A764E4-7019-4E97-8404-9546A7887A6D}.Debug|x64.ActiveCfg = Debug|Any CPU
		{95A764E4-7019-4E97-8404-9546A7887A6D}.Debug|x64.Build.0 = Debug|Any CPU
		{95A764E4-7019-4E97-8404-9546A7887A6D}.Debug|x64.Deploy.0 = Debug|Any CPU
		{95A764E4-7019-4E97-8404-9546A7887A6D}.Debug|x86.ActiveCfg = Debug|Any CPU
		{95A764E4-7019-4E97-8404-9546A7887A6D}.Debug|x86.Build.0 = Debug|Any CPU
		{95A764E4-7019-4E97-8404-9546A7887A6D}.Debug|x86.Deploy.0 = Debug|Any CPU
		{95A764E4-7019-4E97-8404-9546A7887A6D}.Release|Any CPU.ActiveCfg = Release|Any CPU
		{95A764E4-7019-4E97-8404-9546A7887A6D}.Release|Any CPU.Build.0 = Release|Any CPU
		{95A764E4-7019-4E97-8404-9546A7887A6D}.Release|Any CPU.Deploy.0 = Release|Any CPU
		{95A764E4-7019-4E97-8404-9546A7887A6D}.Release|ARM.ActiveCfg = Release|Any CPU
		{95A764E4-7019-4E97-8404-9546A7887A6D}.Release|ARM.Build.0 = Release|Any CPU
		{95A764E4-7019-4E97-8404-9546A7887A6D}.Release|ARM.Deploy.0 = Release|Any CPU
		{95A764E4-7019-4E97-8404-9546A7887A6D}.Release|ARM64.ActiveCfg = Release|Any CPU
		{95A764E4-7019-4E97-8404-9546A7887A6D}.Release|ARM64.Build.0 = Release|Any CPU
		{95A764E4-7019-4E97-8404-9546A7887A6D}.Release|x64.ActiveCfg = Release|Any CPU
		{95A764E4-7019-4E97-8404-9546A7887A6D}.Release|x64.Build.0 = Release|Any CPU
		{95A764E4-7019-4E97-8404-9546A7887A6D}.Release|x64.Deploy.0 = Release|Any CPU
		{95A764E4-7019-4E97-8404-9546A7887A6D}.Release|x86.ActiveCfg = Release|Any CPU
		{95A764E4-7019-4E97-8404-9546A7887A6D}.Release|x86.Build.0 = Release|Any CPU
		{95A764E4-7019-4E97-8404-9546A7887A6D}.Release|x86.Deploy.0 = Release|Any CPU
		{95A764E4-7019-4E97-8404-9546A7887A6D}.UWP Release|Any CPU.ActiveCfg = UWP Release|Any CPU
		{95A764E4-7019-4E97-8404-9546A7887A6D}.UWP Release|Any CPU.Build.0 = UWP Release|Any CPU
		{95A764E4-7019-4E97-8404-9546A7887A6D}.UWP Release|ARM.ActiveCfg = UWP Release|Any CPU
		{95A764E4-7019-4E97-8404-9546A7887A6D}.UWP Release|ARM.Build.0 = UWP Release|Any CPU
		{95A764E4-7019-4E97-8404-9546A7887A6D}.UWP Release|ARM64.ActiveCfg = UWP Release|Any CPU
		{95A764E4-7019-4E97-8404-9546A7887A6D}.UWP Release|ARM64.Build.0 = UWP Release|Any CPU
		{95A764E4-7019-4E97-8404-9546A7887A6D}.UWP Release|x64.ActiveCfg = Release|Any CPU
		{95A764E4-7019-4E97-8404-9546A7887A6D}.UWP Release|x64.Build.0 = Release|Any CPU
		{95A764E4-7019-4E97-8404-9546A7887A6D}.UWP Release|x86.ActiveCfg = UWP Release|Any CPU
		{95A764E4-7019-4E97-8404-9546A7887A6D}.UWP Release|x86.Build.0 = UWP Release|Any CPU
		{D863DFC7-CA29-4E28-AB83-3E302E461EEF}.Android Release|Any CPU.ActiveCfg = Release|Any CPU
		{D863DFC7-CA29-4E28-AB83-3E302E461EEF}.Android Release|Any CPU.Build.0 = Release|Any CPU
		{D863DFC7-CA29-4E28-AB83-3E302E461EEF}.Android Release|Any CPU.Deploy.0 = Release|Any CPU
		{D863DFC7-CA29-4E28-AB83-3E302E461EEF}.Android Release|ARM.ActiveCfg = Release|ARM
		{D863DFC7-CA29-4E28-AB83-3E302E461EEF}.Android Release|ARM.Build.0 = Release|ARM
		{D863DFC7-CA29-4E28-AB83-3E302E461EEF}.Android Release|ARM.Deploy.0 = Release|ARM
		{D863DFC7-CA29-4E28-AB83-3E302E461EEF}.Android Release|ARM64.ActiveCfg = Release|ARM64
		{D863DFC7-CA29-4E28-AB83-3E302E461EEF}.Android Release|ARM64.Build.0 = Release|ARM64
		{D863DFC7-CA29-4E28-AB83-3E302E461EEF}.Android Release|ARM64.Deploy.0 = Release|ARM64
		{D863DFC7-CA29-4E28-AB83-3E302E461EEF}.Android Release|x64.ActiveCfg = Release|x64
		{D863DFC7-CA29-4E28-AB83-3E302E461EEF}.Android Release|x64.Build.0 = Release|x64
		{D863DFC7-CA29-4E28-AB83-3E302E461EEF}.Android Release|x64.Deploy.0 = Release|x64
		{D863DFC7-CA29-4E28-AB83-3E302E461EEF}.Android Release|x86.ActiveCfg = Release|x86
		{D863DFC7-CA29-4E28-AB83-3E302E461EEF}.Android Release|x86.Build.0 = Release|x86
		{D863DFC7-CA29-4E28-AB83-3E302E461EEF}.Android Release|x86.Deploy.0 = Release|x86
		{D863DFC7-CA29-4E28-AB83-3E302E461EEF}.Debug|Any CPU.ActiveCfg = Debug|Any CPU
		{D863DFC7-CA29-4E28-AB83-3E302E461EEF}.Debug|Any CPU.Build.0 = Debug|Any CPU
		{D863DFC7-CA29-4E28-AB83-3E302E461EEF}.Debug|Any CPU.Deploy.0 = Debug|Any CPU
		{D863DFC7-CA29-4E28-AB83-3E302E461EEF}.Debug|ARM.ActiveCfg = Debug|ARM
		{D863DFC7-CA29-4E28-AB83-3E302E461EEF}.Debug|ARM.Build.0 = Debug|ARM
		{D863DFC7-CA29-4E28-AB83-3E302E461EEF}.Debug|ARM.Deploy.0 = Debug|ARM
		{D863DFC7-CA29-4E28-AB83-3E302E461EEF}.Debug|ARM64.ActiveCfg = Debug|ARM64
		{D863DFC7-CA29-4E28-AB83-3E302E461EEF}.Debug|ARM64.Build.0 = Debug|ARM64
		{D863DFC7-CA29-4E28-AB83-3E302E461EEF}.Debug|ARM64.Deploy.0 = Debug|ARM64
		{D863DFC7-CA29-4E28-AB83-3E302E461EEF}.Debug|x64.ActiveCfg = Debug|x64
		{D863DFC7-CA29-4E28-AB83-3E302E461EEF}.Debug|x64.Build.0 = Debug|x64
		{D863DFC7-CA29-4E28-AB83-3E302E461EEF}.Debug|x64.Deploy.0 = Debug|x64
		{D863DFC7-CA29-4E28-AB83-3E302E461EEF}.Debug|x86.ActiveCfg = Debug|x86
		{D863DFC7-CA29-4E28-AB83-3E302E461EEF}.Debug|x86.Build.0 = Debug|x86
		{D863DFC7-CA29-4E28-AB83-3E302E461EEF}.Debug|x86.Deploy.0 = Debug|x86
		{D863DFC7-CA29-4E28-AB83-3E302E461EEF}.Release|Any CPU.ActiveCfg = Release|Any CPU
		{D863DFC7-CA29-4E28-AB83-3E302E461EEF}.Release|Any CPU.Build.0 = Release|Any CPU
		{D863DFC7-CA29-4E28-AB83-3E302E461EEF}.Release|Any CPU.Deploy.0 = Release|Any CPU
		{D863DFC7-CA29-4E28-AB83-3E302E461EEF}.Release|ARM.ActiveCfg = Release|ARM
		{D863DFC7-CA29-4E28-AB83-3E302E461EEF}.Release|ARM.Build.0 = Release|ARM
		{D863DFC7-CA29-4E28-AB83-3E302E461EEF}.Release|ARM.Deploy.0 = Release|ARM
		{D863DFC7-CA29-4E28-AB83-3E302E461EEF}.Release|ARM64.ActiveCfg = Release|ARM64
		{D863DFC7-CA29-4E28-AB83-3E302E461EEF}.Release|ARM64.Build.0 = Release|ARM64
		{D863DFC7-CA29-4E28-AB83-3E302E461EEF}.Release|ARM64.Deploy.0 = Release|ARM64
		{D863DFC7-CA29-4E28-AB83-3E302E461EEF}.Release|x64.ActiveCfg = Release|x64
		{D863DFC7-CA29-4E28-AB83-3E302E461EEF}.Release|x64.Build.0 = Release|x64
		{D863DFC7-CA29-4E28-AB83-3E302E461EEF}.Release|x64.Deploy.0 = Release|x64
		{D863DFC7-CA29-4E28-AB83-3E302E461EEF}.Release|x86.ActiveCfg = Release|x86
		{D863DFC7-CA29-4E28-AB83-3E302E461EEF}.Release|x86.Build.0 = Release|x86
		{D863DFC7-CA29-4E28-AB83-3E302E461EEF}.Release|x86.Deploy.0 = Release|x86
		{D863DFC7-CA29-4E28-AB83-3E302E461EEF}.UWP Release|Any CPU.ActiveCfg = Release|Any CPU
		{D863DFC7-CA29-4E28-AB83-3E302E461EEF}.UWP Release|Any CPU.Build.0 = Release|Any CPU
		{D863DFC7-CA29-4E28-AB83-3E302E461EEF}.UWP Release|Any CPU.Deploy.0 = Release|Any CPU
		{D863DFC7-CA29-4E28-AB83-3E302E461EEF}.UWP Release|ARM.ActiveCfg = Release|ARM
		{D863DFC7-CA29-4E28-AB83-3E302E461EEF}.UWP Release|ARM.Build.0 = Release|ARM
		{D863DFC7-CA29-4E28-AB83-3E302E461EEF}.UWP Release|ARM.Deploy.0 = Release|ARM
		{D863DFC7-CA29-4E28-AB83-3E302E461EEF}.UWP Release|ARM64.ActiveCfg = Release|ARM64
		{D863DFC7-CA29-4E28-AB83-3E302E461EEF}.UWP Release|ARM64.Build.0 = Release|ARM64
		{D863DFC7-CA29-4E28-AB83-3E302E461EEF}.UWP Release|ARM64.Deploy.0 = Release|ARM64
		{D863DFC7-CA29-4E28-AB83-3E302E461EEF}.UWP Release|x64.ActiveCfg = Release|x64
		{D863DFC7-CA29-4E28-AB83-3E302E461EEF}.UWP Release|x64.Build.0 = Release|x64
		{D863DFC7-CA29-4E28-AB83-3E302E461EEF}.UWP Release|x64.Deploy.0 = Release|x64
		{D863DFC7-CA29-4E28-AB83-3E302E461EEF}.UWP Release|x86.ActiveCfg = Release|x86
		{D863DFC7-CA29-4E28-AB83-3E302E461EEF}.UWP Release|x86.Build.0 = Release|x86
		{D863DFC7-CA29-4E28-AB83-3E302E461EEF}.UWP Release|x86.Deploy.0 = Release|x86
		{8985C14A-3913-4B31-B1F2-35C548C22E16}.Android Release|Any CPU.ActiveCfg = Release|Any CPU
		{8985C14A-3913-4B31-B1F2-35C548C22E16}.Android Release|Any CPU.Build.0 = Release|Any CPU
		{8985C14A-3913-4B31-B1F2-35C548C22E16}.Android Release|ARM.ActiveCfg = Release|Any CPU
		{8985C14A-3913-4B31-B1F2-35C548C22E16}.Android Release|ARM.Build.0 = Release|Any CPU
		{8985C14A-3913-4B31-B1F2-35C548C22E16}.Android Release|ARM64.ActiveCfg = Release|Any CPU
		{8985C14A-3913-4B31-B1F2-35C548C22E16}.Android Release|ARM64.Build.0 = Release|Any CPU
		{8985C14A-3913-4B31-B1F2-35C548C22E16}.Android Release|x64.ActiveCfg = Release|x64
		{8985C14A-3913-4B31-B1F2-35C548C22E16}.Android Release|x64.Build.0 = Release|x64
		{8985C14A-3913-4B31-B1F2-35C548C22E16}.Android Release|x86.ActiveCfg = Release|Any CPU
		{8985C14A-3913-4B31-B1F2-35C548C22E16}.Android Release|x86.Build.0 = Release|Any CPU
		{8985C14A-3913-4B31-B1F2-35C548C22E16}.Debug|Any CPU.ActiveCfg = Debug|Any CPU
		{8985C14A-3913-4B31-B1F2-35C548C22E16}.Debug|Any CPU.Build.0 = Debug|Any CPU
		{8985C14A-3913-4B31-B1F2-35C548C22E16}.Debug|ARM.ActiveCfg = Debug|Any CPU
		{8985C14A-3913-4B31-B1F2-35C548C22E16}.Debug|ARM.Build.0 = Debug|Any CPU
		{8985C14A-3913-4B31-B1F2-35C548C22E16}.Debug|ARM64.ActiveCfg = Debug|Any CPU
		{8985C14A-3913-4B31-B1F2-35C548C22E16}.Debug|ARM64.Build.0 = Debug|Any CPU
		{8985C14A-3913-4B31-B1F2-35C548C22E16}.Debug|x64.ActiveCfg = Debug|x64
		{8985C14A-3913-4B31-B1F2-35C548C22E16}.Debug|x64.Build.0 = Debug|x64
		{8985C14A-3913-4B31-B1F2-35C548C22E16}.Debug|x86.ActiveCfg = Debug|Any CPU
		{8985C14A-3913-4B31-B1F2-35C548C22E16}.Debug|x86.Build.0 = Debug|Any CPU
		{8985C14A-3913-4B31-B1F2-35C548C22E16}.Release|Any CPU.ActiveCfg = Release|Any CPU
		{8985C14A-3913-4B31-B1F2-35C548C22E16}.Release|Any CPU.Build.0 = Release|Any CPU
		{8985C14A-3913-4B31-B1F2-35C548C22E16}.Release|ARM.ActiveCfg = Release|Any CPU
		{8985C14A-3913-4B31-B1F2-35C548C22E16}.Release|ARM.Build.0 = Release|Any CPU
		{8985C14A-3913-4B31-B1F2-35C548C22E16}.Release|ARM64.ActiveCfg = Release|Any CPU
		{8985C14A-3913-4B31-B1F2-35C548C22E16}.Release|ARM64.Build.0 = Release|Any CPU
		{8985C14A-3913-4B31-B1F2-35C548C22E16}.Release|x64.ActiveCfg = Release|x64
		{8985C14A-3913-4B31-B1F2-35C548C22E16}.Release|x64.Build.0 = Release|x64
		{8985C14A-3913-4B31-B1F2-35C548C22E16}.Release|x86.ActiveCfg = Release|Any CPU
		{8985C14A-3913-4B31-B1F2-35C548C22E16}.Release|x86.Build.0 = Release|Any CPU
		{8985C14A-3913-4B31-B1F2-35C548C22E16}.UWP Release|Any CPU.ActiveCfg = Release|Any CPU
		{8985C14A-3913-4B31-B1F2-35C548C22E16}.UWP Release|Any CPU.Build.0 = Release|Any CPU
		{8985C14A-3913-4B31-B1F2-35C548C22E16}.UWP Release|ARM.ActiveCfg = Release|Any CPU
		{8985C14A-3913-4B31-B1F2-35C548C22E16}.UWP Release|ARM.Build.0 = Release|Any CPU
		{8985C14A-3913-4B31-B1F2-35C548C22E16}.UWP Release|ARM64.ActiveCfg = Release|Any CPU
		{8985C14A-3913-4B31-B1F2-35C548C22E16}.UWP Release|ARM64.Build.0 = Release|Any CPU
		{8985C14A-3913-4B31-B1F2-35C548C22E16}.UWP Release|x64.ActiveCfg = Release|Any CPU
		{8985C14A-3913-4B31-B1F2-35C548C22E16}.UWP Release|x64.Build.0 = Release|Any CPU
		{8985C14A-3913-4B31-B1F2-35C548C22E16}.UWP Release|x86.ActiveCfg = Release|Any CPU
		{8985C14A-3913-4B31-B1F2-35C548C22E16}.UWP Release|x86.Build.0 = Release|Any CPU
		{B86367CC-8A6E-4B4D-AAF9-C8DA734E2941}.Android Release|Any CPU.ActiveCfg = Release|Any CPU
		{B86367CC-8A6E-4B4D-AAF9-C8DA734E2941}.Android Release|Any CPU.Build.0 = Release|Any CPU
		{B86367CC-8A6E-4B4D-AAF9-C8DA734E2941}.Android Release|ARM.ActiveCfg = Release|Any CPU
		{B86367CC-8A6E-4B4D-AAF9-C8DA734E2941}.Android Release|ARM.Build.0 = Release|Any CPU
		{B86367CC-8A6E-4B4D-AAF9-C8DA734E2941}.Android Release|ARM64.ActiveCfg = Release|Any CPU
		{B86367CC-8A6E-4B4D-AAF9-C8DA734E2941}.Android Release|ARM64.Build.0 = Release|Any CPU
		{B86367CC-8A6E-4B4D-AAF9-C8DA734E2941}.Android Release|x64.ActiveCfg = Release|Any CPU
		{B86367CC-8A6E-4B4D-AAF9-C8DA734E2941}.Android Release|x64.Build.0 = Release|Any CPU
		{B86367CC-8A6E-4B4D-AAF9-C8DA734E2941}.Android Release|x86.ActiveCfg = Release|Any CPU
		{B86367CC-8A6E-4B4D-AAF9-C8DA734E2941}.Android Release|x86.Build.0 = Release|Any CPU
		{B86367CC-8A6E-4B4D-AAF9-C8DA734E2941}.Debug|Any CPU.ActiveCfg = Debug|Any CPU
		{B86367CC-8A6E-4B4D-AAF9-C8DA734E2941}.Debug|Any CPU.Build.0 = Debug|Any CPU
		{B86367CC-8A6E-4B4D-AAF9-C8DA734E2941}.Debug|ARM.ActiveCfg = Debug|Any CPU
		{B86367CC-8A6E-4B4D-AAF9-C8DA734E2941}.Debug|ARM.Build.0 = Debug|Any CPU
		{B86367CC-8A6E-4B4D-AAF9-C8DA734E2941}.Debug|ARM64.ActiveCfg = Debug|Any CPU
		{B86367CC-8A6E-4B4D-AAF9-C8DA734E2941}.Debug|ARM64.Build.0 = Debug|Any CPU
		{B86367CC-8A6E-4B4D-AAF9-C8DA734E2941}.Debug|x64.ActiveCfg = Debug|Any CPU
		{B86367CC-8A6E-4B4D-AAF9-C8DA734E2941}.Debug|x64.Build.0 = Debug|Any CPU
		{B86367CC-8A6E-4B4D-AAF9-C8DA734E2941}.Debug|x86.ActiveCfg = Debug|Any CPU
		{B86367CC-8A6E-4B4D-AAF9-C8DA734E2941}.Debug|x86.Build.0 = Debug|Any CPU
		{B86367CC-8A6E-4B4D-AAF9-C8DA734E2941}.Release|Any CPU.ActiveCfg = Release|Any CPU
		{B86367CC-8A6E-4B4D-AAF9-C8DA734E2941}.Release|Any CPU.Build.0 = Release|Any CPU
		{B86367CC-8A6E-4B4D-AAF9-C8DA734E2941}.Release|ARM.ActiveCfg = Release|Any CPU
		{B86367CC-8A6E-4B4D-AAF9-C8DA734E2941}.Release|ARM.Build.0 = Release|Any CPU
		{B86367CC-8A6E-4B4D-AAF9-C8DA734E2941}.Release|ARM64.ActiveCfg = Release|Any CPU
		{B86367CC-8A6E-4B4D-AAF9-C8DA734E2941}.Release|ARM64.Build.0 = Release|Any CPU
		{B86367CC-8A6E-4B4D-AAF9-C8DA734E2941}.Release|x64.ActiveCfg = Release|Any CPU
		{B86367CC-8A6E-4B4D-AAF9-C8DA734E2941}.Release|x64.Build.0 = Release|Any CPU
		{B86367CC-8A6E-4B4D-AAF9-C8DA734E2941}.Release|x86.ActiveCfg = Release|Any CPU
		{B86367CC-8A6E-4B4D-AAF9-C8DA734E2941}.Release|x86.Build.0 = Release|Any CPU
		{B86367CC-8A6E-4B4D-AAF9-C8DA734E2941}.UWP Release|Any CPU.ActiveCfg = Release|Any CPU
		{B86367CC-8A6E-4B4D-AAF9-C8DA734E2941}.UWP Release|Any CPU.Build.0 = Release|Any CPU
		{B86367CC-8A6E-4B4D-AAF9-C8DA734E2941}.UWP Release|ARM.ActiveCfg = Release|Any CPU
		{B86367CC-8A6E-4B4D-AAF9-C8DA734E2941}.UWP Release|ARM.Build.0 = Release|Any CPU
		{B86367CC-8A6E-4B4D-AAF9-C8DA734E2941}.UWP Release|ARM64.ActiveCfg = Release|Any CPU
		{B86367CC-8A6E-4B4D-AAF9-C8DA734E2941}.UWP Release|ARM64.Build.0 = Release|Any CPU
		{B86367CC-8A6E-4B4D-AAF9-C8DA734E2941}.UWP Release|x64.ActiveCfg = Release|Any CPU
		{B86367CC-8A6E-4B4D-AAF9-C8DA734E2941}.UWP Release|x64.Build.0 = Release|Any CPU
		{B86367CC-8A6E-4B4D-AAF9-C8DA734E2941}.UWP Release|x86.ActiveCfg = Release|Any CPU
		{B86367CC-8A6E-4B4D-AAF9-C8DA734E2941}.UWP Release|x86.Build.0 = Release|Any CPU
	EndGlobalSection
	GlobalSection(SolutionProperties) = preSolution
		HideSolutionNode = FALSE
	EndGlobalSection
	GlobalSection(ExtensibilityGlobals) = postSolution
		SolutionGuid = {741AEEFE-5521-4FFC-B3F6-D880749C66E8}
	EndGlobalSection
EndGlobal
